
Microsoft Visual Studio Solution File, Format Version 12.00
# Visual Studio Version 16
VisualStudioVersion = 16.0.30503.244
MinimumVisualStudioVersion = 10.0.40219.1
Project("{9A19103F-16F7-4668-BE54-9A1E7A4F7556}") = "Roman.Ambinder.LifeCycleComponents", "Roman.Ambinder.LifeCycleComponents\Roman.Ambinder.LifeCycleComponents.csproj", "{4A00AF4F-F5C7-4011-9245-F0CF4E6752DB}"
EndProject
Project("{9A19103F-16F7-4668-BE54-9A1E7A4F7556}") = "Roman.Ambinder.LifeCycle.Components.Tests", "Roman.Ambinder.LifeCycle.Components.Tests\Roman.Ambinder.LifeCycle.Components.Tests.csproj", "{3F7F0436-DE09-4BD2-890D-BA0CA68A2CC6}"
EndProject
Global
	GlobalSection(SolutionConfigurationPlatforms) = preSolution
		Debug|Any CPU = Debug|Any CPU
		Release|Any CPU = Release|Any CPU
	EndGlobalSection
	GlobalSection(ProjectConfigurationPlatforms) = postSolution
		{4A00AF4F-F5C7-4011-9245-F0CF4E6752DB}.Debug|Any CPU.ActiveCfg = Debug|Any CPU
		{4A00AF4F-F5C7-4011-9245-F0CF4E6752DB}.Debug|Any CPU.Build.0 = Debug|Any CPU
		{4A00AF4F-F5C7-4011-9245-F0CF4E6752DB}.Release|Any CPU.ActiveCfg = Release|Any CPU
		{4A00AF4F-F5C7-4011-9245-F0CF4E6752DB}.Release|Any CPU.Build.0 = Release|Any CPU
		{3F7F0436-DE09-4BD2-890D-BA0CA68A2CC6}.Debug|Any CPU.ActiveCfg = Debug|Any CPU
		{3F7F0436-DE09-4BD2-890D-BA0CA68A2CC6}.Debug|Any CPU.Build.0 = Debug|Any CPU
		{3F7F0436-DE09-4BD2-890D-BA0CA68A2CC6}.Release|Any CPU.ActiveCfg = Release|Any CPU
		{3F7F0436-DE09-4BD2-890D-BA0CA68A2CC6}.Release|Any CPU.Build.0 = Release|Any CPU
	EndGlobalSection
	GlobalSection(SolutionProperties) = preSolution
		HideSolutionNode = FALSE
	EndGlobalSection
	GlobalSection(ExtensibilityGlobals) = postSolution
		SolutionGuid = {5C62B3E6-6F7E-44C1-A816-15939F218992}
	EndGlobalSection
EndGlobal
